{
    "_meta": {
        "hash": {
            "sha256": "ca1d9134de6e166be89ae491b669e45a4d39b283c9ade5c09b57760be5702539"
        },
        "pipfile-spec": 6,
        "requires": {
            "python_version": "3.8"
        },
        "sources": [
            {
                "name": "pypi",
                "url": "https://pypi.org/simple",
                "verify_ssl": true
            }
        ]
    },
    "default": {
        "flash": {
            "hashes": [
                "sha256:69f448811abc97d4f0857fc577e14398b322ceddad074430350a5012a61302b2"
            ],
            "index": "pypi",
            "version": "==1.0.3"
        }
    },
    "develop": {}
}
